// !$*UTF8*$!
{
	archiveVersion = 1;
	classes = {
	};
	objectVersion = 50;
	objects = {

/* Begin PBXBuildFile section */
		33EC116D8B204F75DD8CD5E0 /* Pods_TestSwift.framework in Frameworks */ = {isa = PBXBuildFile; fileRef = 8EC0CABDF5B328AC6FC71711 /* Pods_TestSwift.framework */; };
		4B6A71E620B3549600D3E539 /* AppDelegate.swift in Sources */ = {isa = PBXBuildFile; fileRef = 4B6A71E520B3549600D3E539 /* AppDelegate.swift */; };
		4B6A71E820B3549600D3E539 /* ViewController.swift in Sources */ = {isa = PBXBuildFile; fileRef = 4B6A71E720B3549600D3E539 /* ViewController.swift */; };
		4B6A71EB20B3549600D3E539 /* Main.storyboard in Resources */ = {isa = PBXBuildFile; fileRef = 4B6A71E920B3549600D3E539 /* Main.storyboard */; };
		4B6A71ED20B3549600D3E539 /* Assets.xcassets in Resources */ = {isa = PBXBuildFile; fileRef = 4B6A71EC20B3549600D3E539 /* Assets.xcassets */; };
		4B6A71F020B3549600D3E539 /* LaunchScreen.storyboard in Resources */ = {isa = PBXBuildFile; fileRef = 4B6A71EE20B3549600D3E539 /* LaunchScreen.storyboard */; };
		4BE11A30212B48DA003DEF35 /* TextField.swift in Sources */ = {isa = PBXBuildFile; fileRef = 4BE11A2F212B48DA003DEF35 /* TextField.swift */; };
		4BE11A32212B526B003DEF35 /* NumberingCounter.swift in Sources */ = {isa = PBXBuildFile; fileRef = 4BE11A31212B526B003DEF35 /* NumberingCounter.swift */; };
/* End PBXBuildFile section */

/* Begin PBXFileReference section */
		4B6A71E220B3549600D3E539 /* TestSwift.app */ = {isa = PBXFileReference; explicitFileType = wrapper.application; includeInIndex = 0; path = TestSwift.app; sourceTree = BUILT_PRODUCTS_DIR; };
		4B6A71E520B3549600D3E539 /* AppDelegate.swift */ = {isa = PBXFileReference; lastKnownFileType = sourcecode.swift; path = AppDelegate.swift; sourceTree = "<group>"; };
		4B6A71E720B3549600D3E539 /* ViewController.swift */ = {isa = PBXFileReference; lastKnownFileType = sourcecode.swift; path = ViewController.swift; sourceTree = "<group>"; };
		4B6A71EA20B3549600D3E539 /* Base */ = {isa = PBXFileReference; lastKnownFileType = file.storyboard; name = Base; path = Base.lproj/Main.storyboard; sourceTree = "<group>"; };
		4B6A71EC20B3549600D3E539 /* Assets.xcassets */ = {isa = PBXFileReference; lastKnownFileType = folder.assetcatalog; path = Assets.xcassets; sourceTree = "<group>"; };
		4B6A71EF20B3549600D3E539 /* Base */ = {isa = PBXFileReference; lastKnownFileType = file.storyboard; name = Base; path = Base.lproj/LaunchScreen.storyboard; sourceTree = "<group>"; };
		4B6A71F120B3549600D3E539 /* Info.plist */ = {isa = PBXFileReference; lastKnownFileType = text.plist.xml; path = Info.plist; sourceTree = "<group>"; };
		4BE11A2F212B48DA003DEF35 /* TextField.swift */ = {isa = PBXFileReference; lastKnownFileType = sourcecode.swift; path = TextField.swift; sourceTree = "<group>"; };
		4BE11A31212B526B003DEF35 /* NumberingCounter.swift */ = {isa = PBXFileReference; lastKnownFileType = sourcecode.swift; path = NumberingCounter.swift; sourceTree = "<group>"; };
		8EC0CABDF5B328AC6FC71711 /* Pods_TestSwift.framework */ = {isa = PBXFileReference; explicitFileType = wrapper.framework; includeInIndex = 0; path = Pods_TestSwift.framework; sourceTree = BUILT_PRODUCTS_DIR; };
		9E2765587E88303FAF960C65 /* Pods-TestSwift.release.xcconfig */ = {isa = PBXFileReference; includeInIndex = 1; lastKnownFileType = text.xcconfig; name = "Pods-TestSwift.release.xcconfig"; path = "Pods/Target Support Files/Pods-TestSwift/Pods-TestSwift.release.xcconfig"; sourceTree = "<group>"; };
		AA3F5830BE15A955EFDC7119 /* Pods-TestSwift.debug.xcconfig */ = {isa = PBXFileReference; includeInIndex = 1; lastKnownFileType = text.xcconfig; name = "Pods-TestSwift.debug.xcconfig"; path = "Pods/Target Support Files/Pods-TestSwift/Pods-TestSwift.debug.xcconfig"; sourceTree = "<group>"; };
/* End PBXFileReference section */

/* Begin PBXFrameworksBuildPhase section */
		4B6A71DF20B3549600D3E539 /* Frameworks */ = {
			isa = PBXFrameworksBuildPhase;
			buildActionMask = 2147483647;
			files = (
				33EC116D8B204F75DD8CD5E0 /* Pods_TestSwift.framework in Frameworks */,
			);
			runOnlyForDeploymentPostprocessing = 0;
		};
/* End PBXFrameworksBuildPhase section */

/* Begin PBXGroup section */
		4B6A71D920B3549600D3E539 = {
			isa = PBXGroup;
			children = (
				4B6A71E420B3549600D3E539 /* TestSwift */,
				4B6A71E320B3549600D3E539 /* Products */,
				C68752460390125346DB4E66 /* Pods */,
				CA3E579DDFF63AA4763EB897 /* Frameworks */,
			);
			sourceTree = "<group>";
		};
		4B6A71E320B3549600D3E539 /* Products */ = {
			isa = PBXGroup;
			children = (
				4B6A71E220B3549600D3E539 /* TestSwift.app */,
			);
			name = Products;
			sourceTree = "<group>";
		};
		4B6A71E420B3549600D3E539 /* TestSwift */ = {
			isa = PBXGroup;
			children = (
				4B6A71E520B3549600D3E539 /* AppDelegate.swift */,
				4B6A71E720B3549600D3E539 /* ViewController.swift */,
				4BE11A2F212B48DA003DEF35 /* TextField.swift */,
				4BE11A31212B526B003DEF35 /* NumberingCounter.swift */,
				4B6A71E920B3549600D3E539 /* Main.storyboard */,
				4B6A71EE20B3549600D3E539 /* LaunchScreen.storyboard */,
				4B6A71EC20B3549600D3E539 /* Assets.xcassets */,
				4B6A71F120B3549600D3E539 /* Info.plist */,
			);
			path = TestSwift;
			sourceTree = "<group>";
		};
		C68752460390125346DB4E66 /* Pods */ = {
			isa = PBXGroup;
			children = (
				AA3F5830BE15A955EFDC7119 /* Pods-TestSwift.debug.xcconfig */,
				9E2765587E88303FAF960C65 /* Pods-TestSwift.release.xcconfig */,
			);
			name = Pods;
			sourceTree = "<group>";
		};
		CA3E579DDFF63AA4763EB897 /* Frameworks */ = {
			isa = PBXGroup;
			children = (
				8EC0CABDF5B328AC6FC71711 /* Pods_TestSwift.framework */,
			);
			name = Frameworks;
			sourceTree = "<group>";
		};
/* End PBXGroup section */

/* Begin PBXNativeTarget section */
		4B6A71E120B3549600D3E539 /* TestSwift */ = {
			isa = PBXNativeTarget;
			buildConfigurationList = 4B6A71F420B3549600D3E539 /* Build configuration list for PBXNativeTarget "TestSwift" */;
			buildPhases = (
				326C43052F9D1087A0A0117A /* [CP] Check Pods Manifest.lock */,
				4B6A71DE20B3549600D3E539 /* Sources */,
				4B6A71DF20B3549600D3E539 /* Frameworks */,
				4B6A71E020B3549600D3E539 /* Resources */,
				15CB073EC50D43567EA0327C /* [CP] Embed Pods Frameworks */,
				D27FC0E35E7B0E7E4CFFD991 /* [CP] Copy Pods Resources */,
			);
			buildRules = (
			);
			dependencies = (
			);
			name = TestSwift;
			productName = TestSwift;
			productReference = 4B6A71E220B3549600D3E539 /* TestSwift.app */;
			productType = "com.apple.product-type.application";
		};
/* End PBXNativeTarget section */

/* Begin PBXProject section */
		4B6A71DA20B3549600D3E539 /* Project object */ = {
			isa = PBXProject;
			attributes = {
				LastSwiftUpdateCheck = 0930;
				LastUpgradeCheck = 0930;
				ORGANIZATIONNAME = "이택규";
				TargetAttributes = {
					4B6A71E120B3549600D3E539 = {
						CreatedOnToolsVersion = 9.3.1;
					};
				};
			};
			buildConfigurationList = 4B6A71DD20B3549600D3E539 /* Build configuration list for PBXProject "TestSwift" */;
			compatibilityVersion = "Xcode 9.3";
			developmentRegion = en;
			hasScannedForEncodings = 0;
			knownRegions = (
				en,
				Base,
			);
			mainGroup = 4B6A71D920B3549600D3E539;
			productRefGroup = 4B6A71E320B3549600D3E539 /* Products */;
			projectDirPath = "";
			projectRoot = "";
			targets = (
				4B6A71E120B3549600D3E539 /* TestSwift */,
			);
		};
/* End PBXProject section */

/* Begin PBXResourcesBuildPhase section */
		4B6A71E020B3549600D3E539 /* Resources */ = {
			isa = PBXResourcesBuildPhase;
			buildActionMask = 2147483647;
			files = (
				4B6A71F020B3549600D3E539 /* LaunchScreen.storyboard in Resources */,
				4B6A71ED20B3549600D3E539 /* Assets.xcassets in Resources */,
				4B6A71EB20B3549600D3E539 /* Main.storyboard in Resources */,
			);
			runOnlyForDeploymentPostprocessing = 0;
		};
/* End PBXResourcesBuildPhase section */

/* Begin PBXShellScriptBuildPhase section */
		15CB073EC50D43567EA0327C /* [CP] Embed Pods Frameworks */ = {
			isa = PBXShellScriptBuildPhase;
			buildActionMask = 2147483647;
			files = (
			);
			inputPaths = (
				"${SRCROOT}/Pods/Target Support Files/Pods-TestSwift/Pods-TestSwift-frameworks.sh",
				"${BUILT_PRODUCTS_DIR}/IGListKit/IGListKit.framework",
				"${BUILT_PRODUCTS_DIR}/NSObject+Rx/NSObject_Rx.framework",
				"${BUILT_PRODUCTS_DIR}/RxCocoa/RxCocoa.framework",
				"${BUILT_PRODUCTS_DIR}/RxOptional/RxOptional.framework",
				"${BUILT_PRODUCTS_DIR}/RxSwift/RxSwift.framework",
				"${BUILT_PRODUCTS_DIR}/SnapKit/SnapKit.framework",
				"${BUILT_PRODUCTS_DIR}/Then/Then.framework",
			);
			name = "[CP] Embed Pods Frameworks";
			outputPaths = (
				"${TARGET_BUILD_DIR}/${FRAMEWORKS_FOLDER_PATH}/IGListKit.framework",
				"${TARGET_BUILD_DIR}/${FRAMEWORKS_FOLDER_PATH}/NSObject_Rx.framework",
				"${TARGET_BUILD_DIR}/${FRAMEWORKS_FOLDER_PATH}/RxCocoa.framework",
				"${TARGET_BUILD_DIR}/${FRAMEWORKS_FOLDER_PATH}/RxOptional.framework",
				"${TARGET_BUILD_DIR}/${FRAMEWORKS_FOLDER_PATH}/RxSwift.framework",
				"${TARGET_BUILD_DIR}/${FRAMEWORKS_FOLDER_PATH}/SnapKit.framework",
				"${TARGET_BUILD_DIR}/${FRAMEWORKS_FOLDER_PATH}/Then.framework",
			);
			runOnlyForDeploymentPostprocessing = 0;
			shellPath = /bin/sh;
			shellScript = "\"${SRCROOT}/Pods/Target Support Files/Pods-TestSwift/Pods-TestSwift-frameworks.sh\"\n";
			showEnvVarsInLog = 0;
		};
		326C43052F9D1087A0A0117A /* [CP] Check Pods Manifest.lock */ = {
			isa = PBXShellScriptBuildPhase;
			buildActionMask = 2147483647;
			files = (
			);
			inputPaths = (
				"${PODS_PODFILE_DIR_PATH}/Podfile.lock",
				"${PODS_ROOT}/Manifest.lock",
			);
			name = "[CP] Check Pods Manifest.lock";
			outputPaths = (
				"$(DERIVED_FILE_DIR)/Pods-TestSwift-checkManifestLockResult.txt",
			);
			runOnlyForDeploymentPostprocessing = 0;
			shellPath = /bin/sh;
			shellScript = "diff \"${PODS_PODFILE_DIR_PATH}/Podfile.lock\" \"${PODS_ROOT}/Manifest.lock\" > /dev/null\nif [ $? != 0 ] ; then\n    # print error to STDERR\n    echo \"error: The sandbox is not in sync with the Podfile.lock. Run 'pod install' or update your CocoaPods installation.\" >&2\n    exit 1\nfi\n# This output is used by Xcode 'outputs' to avoid re-running this script phase.\necho \"SUCCESS\" > \"${SCRIPT_OUTPUT_FILE_0}\"\n";
			showEnvVarsInLog = 0;
		};
		D27FC0E35E7B0E7E4CFFD991 /* [CP] Copy Pods Resources */ = {
			isa = PBXShellScriptBuildPhase;
			buildActionMask = 2147483647;
			files = (
			);
			inputPaths = (
			);
			name = "[CP] Copy Pods Resources";
			outputPaths = (
			);
			runOnlyForDeploymentPostprocessing = 0;
			shellPath = /bin/sh;
			shellScript = "\"${SRCROOT}/Pods/Target Support Files/Pods-TestSwift/Pods-TestSwift-resources.sh\"\n";
			showEnvVarsInLog = 0;
		};
/* End PBXShellScriptBuildPhase section */

/* Begin PBXSourcesBuildPhase section */
		4B6A71DE20B3549600D3E539 /* Sources */ = {
			isa = PBXSourcesBuildPhase;
			buildActionMask = 2147483647;
			files = (
				4BE11A32212B526B003DEF35 /* NumberingCounter.swift in Sources */,
				4BE11A30212B48DA003DEF35 /* TextField.swift in Sources */,
				4B6A71E820B3549600D3E539 /* ViewController.swift in Sources */,
				4B6A71E620B3549600D3E539 /* AppDelegate.swift in Sources */,
			);
			runOnlyForDeploymentPostprocessing = 0;
		};
/* End PBXSourcesBuildPhase section */

/* Begin PBXVariantGroup section */
		4B6A71E920B3549600D3E539 /* Main.storyboard */ = {
			isa = PBXVariantGroup;
			children = (
				4B6A71EA20B3549600D3E539 /* Base */,
			);
			name = Main.storyboard;
			sourceTree = "<group>";
		};
		4B6A71EE20B3549600D3E539 /* LaunchScreen.storyboard */ = {
			isa = PBXVariantGroup;
			children = (
				4B6A71EF20B3549600D3E539 /* Base */,
			);
			name = LaunchScreen.storyboard;
			sourceTree = "<group>";
		};
/* End PBXVariantGroup section */

/* Begin XCBuildConfiguration section */
		4B6A71F220B3549600D3E539 /* Debug */ = {
			isa = XCBuildConfiguration;
			buildSettings = {
				ALWAYS_SEARCH_USER_PATHS = NO;
				CLANG_ANALYZER_NONNULL = YES;
				CLANG_ANALYZER_NUMBER_OBJECT_CONVERSION = YES_AGGRESSIVE;
				CLANG_CXX_LANGUAGE_STANDARD = "gnu++14";
				CLANG_CXX_LIBRARY = "libc++";
				CLANG_ENABLE_MODULES = YES;
				CLANG_ENABLE_OBJC_ARC = YES;
				CLANG_ENABLE_OBJC_WEAK = YES;
				CLANG_WARN_BLOCK_CAPTURE_AUTORELEASING = YES;
				CLANG_WARN_BOOL_CONVERSION = YES;
				CLANG_WARN_COMMA = YES;
				CLANG_WARN_CONSTANT_CONVERSION = YES;
				CLANG_WARN_DEPRECATED_OBJC_IMPLEMENTATIONS = YES;
				CLANG_WARN_DIRECT_OBJC_ISA_USAGE = YES_ERROR;
				CLANG_WARN_DOCUMENTATION_COMMENTS = YES;
				CLANG_WARN_EMPTY_BODY = YES;
				CLANG_WARN_ENUM_CONVERSION = YES;
				CLANG_WARN_INFINITE_RECURSION = YES;
				CLANG_WARN_INT_CONVERSION = YES;
				CLANG_WARN_NON_LITERAL_NULL_CONVERSION = YES;
				CLANG_WARN_OBJC_IMPLICIT_RETAIN_SELF = YES;
				CLANG_WARN_OBJC_LITERAL_CONVERSION = YES;
				CLANG_WARN_OBJC_ROOT_CLASS = YES_ERROR;
				CLANG_WARN_RANGE_LOOP_ANALYSIS = YES;
				CLANG_WARN_STRICT_PROTOTYPES = YES;
				CLANG_WARN_SUSPICIOUS_MOVE = YES;
				CLANG_WARN_UNGUARDED_AVAILABILITY = YES_AGGRESSIVE;
				CLANG_WARN_UNREACHABLE_CODE = YES;
				CLANG_WARN__DUPLICATE_METHOD_MATCH = YES;
				CODE_SIGN_IDENTITY = "iPhone Developer";
				COPY_PHASE_STRIP = NO;
				DEBUG_INFORMATION_FORMAT = dwarf;
				ENABLE_STRICT_OBJC_MSGSEND = YES;
				ENABLE_TESTABILITY = YES;
				GCC_C_LANGUAGE_STANDARD = gnu11;
				GCC_DYNAMIC_NO_PIC = NO;
				GCC_NO_COMMON_BLOCKS = YES;
				GCC_OPTIMIZATION_LEVEL = 0;
				GCC_PREPROCESSOR_DEFINITIONS = (
					"DEBUG=1",
					"$(inherited)",
				);
				GCC_WARN_64_TO_32_BIT_CONVERSION = YES;
				GCC_WARN_ABOUT_RETURN_TYPE = YES_ERROR;
				GCC_WARN_UNDECLARED_SELECTOR = YES;
				GCC_WARN_UNINITIALIZED_AUTOS = YES_AGGRESSIVE;
				GCC_WARN_UNUSED_FUNCTION = YES;
				GCC_WARN_UNUSED_VARIABLE = YES;
				IPHONEOS_DEPLOYMENT_TARGET = 11.3;
				MTL_ENABLE_DEBUG_INFO = YES;
				ONLY_ACTIVE_ARCH = YES;
				SDKROOT = iphoneos;
				SWIFT_ACTIVE_COMPILATION_CONDITIONS = DEBUG;
				SWIFT_OPTIMIZATION_LEVEL = "-Onone";
			};
			name = Debug;
		};
		4B6A71F320B3549600D3E539 /* Release */ = {
			isa = XCBuildConfiguration;
			buildSettings = {
				ALWAYS_SEARCH_USER_PATHS = NO;
				CLANG_ANALYZER_NONNULL = YES;
				CLANG_ANALYZER_NUMBER_OBJECT_CONVERSION = YES_AGGRESSIVE;
				CLANG_CXX_LANGUAGE_STANDARD = "gnu++14";
				CLANG_CXX_LIBRARY = "libc++";
				CLANG_ENABLE_MODULES = YES;
				CLANG_ENABLE_OBJC_ARC = YES;
				CLANG_ENABLE_OBJC_WEAK = YES;
				CLANG_WARN_BLOCK_CAPTURE_AUTORELEASING = YES;
				CLANG_WARN_BOOL_CONVERSION = YES;
				CLANG_WARN_COMMA = YES;
				CLANG_WARN_CONSTANT_CONVERSION = YES;
				CLANG_WARN_DEPRECATED_OBJC_IMPLEMENTATIONS = YES;
				CLANG_WARN_DIRECT_OBJC_ISA_USAGE = YES_ERROR;
				CLANG_WARN_DOCUMENTATION_COMMENTS = YES;
				CLANG_WARN_EMPTY_BODY = YES;
				CLANG_WARN_ENUM_CONVERSION = YES;
				CLANG_WARN_INFINITE_RECURSION = YES;
				CLANG_WARN_INT_CONVERSION = YES;
				CLANG_WARN_NON_LITERAL_NULL_CONVERSION = YES;
				CLANG_WARN_OBJC_IMPLICIT_RETAIN_SELF = YES;
				CLANG_WARN_OBJC_LITERAL_CONVERSION = YES;
				CLANG_WARN_OBJC_ROOT_CLASS = YES_ERROR;
				CLANG_WARN_RANGE_LOOP_ANALYSIS = YES;
				CLANG_WARN_STRICT_PROTOTYPES = YES;
				CLANG_WARN_SUSPICIOUS_MOVE = YES;
				CLANG_WARN_UNGUARDED_AVAILABILITY = YES_AGGRESSIVE;
				CLANG_WARN_UNREACHABLE_CODE = YES;
				CLANG_WARN__DUPLICATE_METHOD_MATCH = YES;
				CODE_SIGN_IDENTITY = "iPhone Developer";
				COPY_PHASE_STRIP = NO;
				DEBUG_INFORMATION_FORMAT = "dwarf-with-dsym";
				ENABLE_NS_ASSERTIONS = NO;
				ENABLE_STRICT_OBJC_MSGSEND = YES;
				GCC_C_LANGUAGE_STANDARD = gnu11;
				GCC_NO_COMMON_BLOCKS = YES;
				GCC_WARN_64_TO_32_BIT_CONVERSION = YES;
				GCC_WARN_ABOUT_RETURN_TYPE = YES_ERROR;
				GCC_WARN_UNDECLARED_SELECTOR = YES;
				GCC_WARN_UNINITIALIZED_AUTOS = YES_AGGRESSIVE;
				GCC_WARN_UNUSED_FUNCTION = YES;
				GCC_WARN_UNUSED_VARIABLE = YES;
				IPHONEOS_DEPLOYMENT_TARGET = 11.3;
				MTL_ENABLE_DEBUG_INFO = NO;
				SDKROOT = iphoneos;
				SWIFT_COMPILATION_MODE = wholemodule;
				SWIFT_OPTIMIZATION_LEVEL = "-O";
				VALIDATE_PRODUCT = YES;
			};
			name = Release;
		};
		4B6A71F520B3549600D3E539 /* Debug */ = {
			isa = XCBuildConfiguration;
			baseConfigurationReference = AA3F5830BE15A955EFDC7119 /* Pods-TestSwift.debug.xcconfig */;
			buildSettings = {
				ASSETCATALOG_COMPILER_APPICON_NAME = AppIcon;
				CODE_SIGN_STYLE = Automatic;
				DEVELOPMENT_TEAM = QJYN544SX7;
				INFOPLIST_FILE = TestSwift/Info.plist;
				LD_RUNPATH_SEARCH_PATHS = (
					"$(inherited)",
					"@executable_path/Frameworks",
				);
				PRODUCT_BUNDLE_IDENTIFIER = com.tackgyu.TestSwift;
				PRODUCT_NAME = "$(TARGET_NAME)";
				SWIFT_VERSION = 4.0;
				TARGETED_DEVICE_FAMILY = "1,2";
			};
			name = Debug;
		};
		4B6A71F620B3549600D3E539 /* Release */ = {
			isa = XCBuildConfiguration;
			baseConfigurationReference = 9E2765587E88303FAF960C65 /* Pods-TestSwift.release.xcconfig */;
			buildSettings = {
				ASSETCATALOG_COMPILER_APPICON_NAME = AppIcon;
				CODE_SIGN_STYLE = Automatic;
				DEVELOPMENT_TEAM = QJYN544SX7;
				INFOPLIST_FILE = TestSwift/Info.plist;
				LD_RUNPATH_SEARCH_PATHS = (
					"$(inherited)",
					"@executable_path/Frameworks",
				);
				PRODUCT_BUNDLE_IDENTIFIER = com.tackgyu.TestSwift;
				PRODUCT_NAME = "$(TARGET_NAME)";
				SWIFT_VERSION = 4.0;
				TARGETED_DEVICE_FAMILY = "1,2";
			};
			name = Release;
		};
/* End XCBuildConfiguration section */

/* Begin XCConfigurationList section */
		4B6A71DD20B3549600D3E539 /* Build configuration list for PBXProject "TestSwift" */ = {
			isa = XCConfigurationList;
			buildConfigurations = (
				4B6A71F220B3549600D3E539 /* Debug */,
				4B6A71F320B3549600D3E539 /* Release */,
			);
			defaultConfigurationIsVisible = 0;
			defaultConfigurationName = Release;
		};
		4B6A71F420B3549600D3E539 /* Build configuration list for PBXNativeTarget "TestSwift" */ = {
			isa = XCConfigurationList;
			buildConfigurations = (
				4B6A71F520B3549600D3E539 /* Debug */,
				4B6A71F620B3549600D3E539 /* Release */,
			);
			defaultConfigurationIsVisible = 0;
			defaultConfigurationName = Release;
		};
/* End XCConfigurationList section */
	};
	rootObject = 4B6A71DA20B3549600D3E539 /* Project object */;
}
